
Microsoft Visual Studio Solution File, Format Version 12.00
# Visual Studio Version 17
VisualStudioVersion = 17.4.33205.214
MinimumVisualStudioVersion = 10.0.40219.1
Project("{FAE04EC0-301F-11D3-BF4B-00C04F79EFBC}") = "CreateFolder", "CreateFolder\CreateFolder.csproj", "{528ED1A0-63A9-472E-B6B3-D5A429A52F52}"
EndProject
Global
	GlobalSection(SolutionConfigurationPlatforms) = preSolution
		Debug|Any CPU = Debug|Any CPU
		Release|Any CPU = Release|Any CPU
	EndGlobalSection
	GlobalSection(ProjectConfigurationPlatforms) = postSolution
		{528ED1A0-63A9-472E-B6B3-D5A429A52F52}.Debug|Any CPU.ActiveCfg = Debug|Any CPU
		{528ED1A0-63A9-472E-B6B3-D5A429A52F52}.Debug|Any CPU.Build.0 = Debug|Any CPU
		{528ED1A0-63A9-472E-B6B3-D5A429A52F52}.Release|Any CPU.ActiveCfg = Release|Any CPU
		{528ED1A0-63A9-472E-B6B3-D5A429A52F52}.Release|Any CPU.Build.0 = Release|Any CPU
	EndGlobalSection
	GlobalSection(SolutionProperties) = preSolution
		HideSolutionNode = FALSE
	EndGlobalSection
	GlobalSection(ExtensibilityGlobals) = postSolution
		SolutionGuid = {CC49DCDB-AB7D-4683-8088-FF2C272FE92C}
	EndGlobalSection
EndGlobal
